
Microsoft Visual Studio Solution File, Format Version 12.00
# Visual Studio Version 17
VisualStudioVersion = 17.8.34330.188
MinimumVisualStudioVersion = 10.0.40219.1
Project("{2150E333-8FDC-42A3-9474-1A3956D46DE8}") = "FrontEnd", "FrontEnd", "{F05FE522-8233-41AD-A9FB-3A73A2532A1A}"
EndProject
Project("{2150E333-8FDC-42A3-9474-1A3956D46DE8}") = "Gateway", "Gateway", "{9B92D31F-FCF5-41EB-8777-EEF0DAC4AED2}"
EndProject
Project("{2150E333-8FDC-42A3-9474-1A3956D46DE8}") = "integration", "integration", "{5A36CAD8-3866-4840-B5E3-46C5A6CBCDB2}"
EndProject
Project("{2150E333-8FDC-42A3-9474-1A3956D46DE8}") = "Services", "Services", "{F9C7344A-BE96-4CA5-822B-9205D8CFC180}"
EndProject
Project("{FAE04EC0-301F-11D3-BF4B-00C04F79EFBC}") = "Mango.Services.CouponAPI", "Mango.Services.CouponAPI\Mango.Services.CouponAPI.csproj", "{A704ECA4-03BC-4B3F-BFE4-91D808AEB901}"
EndProject
Global
	GlobalSection(SolutionConfigurationPlatforms) = preSolution
		Debug|Any CPU = Debug|Any CPU
		Release|Any CPU = Release|Any CPU
	EndGlobalSection
	GlobalSection(ProjectConfigurationPlatforms) = postSolution
		{A704ECA4-03BC-4B3F-BFE4-91D808AEB901}.Debug|Any CPU.ActiveCfg = Debug|Any CPU
		{A704ECA4-03BC-4B3F-BFE4-91D808AEB901}.Debug|Any CPU.Build.0 = Debug|Any CPU
		{A704ECA4-03BC-4B3F-BFE4-91D808AEB901}.Release|Any CPU.ActiveCfg = Release|Any CPU
		{A704ECA4-03BC-4B3F-BFE4-91D808AEB901}.Release|Any CPU.Build.0 = Release|Any CPU
	EndGlobalSection
	GlobalSection(SolutionProperties) = preSolution
		HideSolutionNode = FALSE
	EndGlobalSection
	GlobalSection(NestedProjects) = preSolution
		{A704ECA4-03BC-4B3F-BFE4-91D808AEB901} = {F9C7344A-BE96-4CA5-822B-9205D8CFC180}
	EndGlobalSection
	GlobalSection(ExtensibilityGlobals) = postSolution
		SolutionGuid = {87324430-AA81-4F25-ADC8-70CE32236D40}
	EndGlobalSection
EndGlobal
